
Microsoft Visual Studio Solution File, Format Version 12.00
# Visual Studio Version 16
VisualStudioVersion = 16.0.30621.155
MinimumVisualStudioVersion = 10.0.40219.1
Project("{FAE04EC0-301F-11D3-BF4B-00C04F79EFBC}") = "varlist.Android", "varlist.Android\varlist.Android.csproj", "{BA4E592B-BE9C-46E5-98A0-B8F2E4D2A58D}"
EndProject
Project("{FAE04EC0-301F-11D3-BF4B-00C04F79EFBC}") = "varlist.iOS", "varlist.iOS\varlist.iOS.csproj", "{AC1F5932-8BFA-4594-99EB-BF084C5254CD}"
EndProject
Project("{FAE04EC0-301F-11D3-BF4B-00C04F79EFBC}") = "varlist", "varlist\varlist.csproj", "{794F230A-431B-45F2-88B6-B096C705608F}"
EndProject
Global
	GlobalSection(SolutionConfigurationPlatforms) = preSolution
		Debug|Any CPU = Debug|Any CPU
		Debug|ARM = Debug|ARM
		Debug|ARM64 = Debug|ARM64
		Debug|iPhone = Debug|iPhone
		Debug|iPhoneSimulator = Debug|iPhoneSimulator
		Debug|x64 = Debug|x64
		Debug|x86 = Debug|x86
		Release|Any CPU = Release|Any CPU
		Release|ARM = Release|ARM
		Release|ARM64 = Release|ARM64
		Release|iPhone = Release|iPhone
		Release|iPhoneSimulator = Release|iPhoneSimulator
		Release|x64 = Release|x64
		Release|x86 = Release|x86
	EndGlobalSection
	GlobalSection(ProjectConfigurationPlatforms) = postSolution
		{BA4E592B-BE9C-46E5-98A0-B8F2E4D2A58D}.Debug|Any CPU.ActiveCfg = Debug|Any CPU
		{BA4E592B-BE9C-46E5-98A0-B8F2E4D2A58D}.Debug|Any CPU.Build.0 = Debug|Any CPU
		{BA4E592B-BE9C-46E5-98A0-B8F2E4D2A58D}.Debug|Any CPU.Deploy.0 = Debug|Any CPU
		{BA4E592B-BE9C-46E5-98A0-B8F2E4D2A58D}.Debug|ARM.ActiveCfg = Debug|Any CPU
		{BA4E592B-BE9C-46E5-98A0-B8F2E4D2A58D}.Debug|ARM.Build.0 = Debug|Any CPU
		{BA4E592B-BE9C-46E5-98A0-B8F2E4D2A58D}.Debug|ARM.Deploy.0 = Debug|Any CPU
		{BA4E592B-BE9C-46E5-98A0-B8F2E4D2A58D}.Debug|ARM64.ActiveCfg = Debug|Any CPU
		{BA4E592B-BE9C-46E5-98A0-B8F2E4D2A58D}.Debug|ARM64.Build.0 = Debug|Any CPU
		{BA4E592B-BE9C-46E5-98A0-B8F2E4D2A58D}.Debug|ARM64.Deploy.0 = Debug|Any CPU
		{BA4E592B-BE9C-46E5-98A0-B8F2E4D2A58D}.Debug|iPhone.ActiveCfg = Debug|Any CPU
		{BA4E592B-BE9C-46E5-98A0-B8F2E4D2A58D}.Debug|iPhone.Build.0 = Debug|Any CPU
		{BA4E592B-BE9C-46E5-98A0-B8F2E4D2A58D}.Debug|iPhone.Deploy.0 = Debug|Any CPU
		{BA4E592B-BE9C-46E5-98A0-B8F2E4D2A58D}.Debug|iPhoneSimulator.ActiveCfg = Debug|Any CPU
		{BA4E592B-BE9C-46E5-98A0-B8F2E4D2A58D}.Debug|iPhoneSimulator.Build.0 = Debug|Any CPU
		{BA4E592B-BE9C-46E5-98A0-B8F2E4D2A58D}.Debug|iPhoneSimulator.Deploy.0 = Debug|Any CPU
		{BA4E592B-BE9C-46E5-98A0-B8F2E4D2A58D}.Debug|x64.ActiveCfg = Debug|Any CPU
		{BA4E592B-BE9C-46E5-98A0-B8F2E4D2A58D}.Debug|x64.Build.0 = Debug|Any CPU
		{BA4E592B-BE9C-46E5-98A0-B8F2E4D2A58D}.Debug|x64.Deploy.0 = Debug|Any CPU
		{BA4E592B-BE9C-46E5-98A0-B8F2E4D2A58D}.Debug|x86.ActiveCfg = Debug|Any CPU
		{BA4E592B-BE9C-46E5-98A0-B8F2E4D2A58D}.Debug|x86.Build.0 = Debug|Any CPU
		{BA4E592B-BE9C-46E5-98A0-B8F2E4D2A58D}.Debug|x86.Deploy.0 = Debug|Any CPU
		{BA4E592B-BE9C-46E5-98A0-B8F2E4D2A58D}.Release|Any CPU.ActiveCfg = Release|Any CPU
		{BA4E592B-BE9C-46E5-98A0-B8F2E4D2A58D}.Release|Any CPU.Build.0 = Release|Any CPU
		{BA4E592B-BE9C-46E5-98A0-B8F2E4D2A58D}.Release|Any CPU.Deploy.0 = Release|Any CPU
		{BA4E592B-BE9C-46E5-98A0-B8F2E4D2A58D}.Release|ARM.ActiveCfg = Release|Any CPU
		{BA4E592B-BE9C-46E5-98A0-B8F2E4D2A58D}.Release|ARM.Build.0 = Release|Any CPU
		{BA4E592B-BE9C-46E5-98A0-B8F2E4D2A58D}.Release|ARM.Deploy.0 = Release|Any CPU
		{BA4E592B-BE9C-46E5-98A0-B8F2E4D2A58D}.Release|ARM64.ActiveCfg = Release|Any CPU
		{BA4E592B-BE9C-46E5-98A0-B8F2E4D2A58D}.Release|ARM64.Build.0 = Release|Any CPU
		{BA4E592B-BE9C-46E5-98A0-B8F2E4D2A58D}.Release|ARM64.Deploy.0 = Release|Any CPU
		{BA4E592B-BE9C-46E5-98A0-B8F2E4D2A58D}.Release|iPhone.ActiveCfg = Release|Any CPU
		{BA4E592B-BE9C-46E5-98A0-B8F2E4D2A58D}.Release|iPhone.Build.0 = Release|Any CPU
		{BA4E592B-BE9C-46E5-98A0-B8F2E4D2A58D}.Release|iPhone.Deploy.0 = Release|Any CPU
		{BA4E592B-BE9C-46E5-98A0-B8F2E4D2A58D}.Release|iPhoneSimulator.ActiveCfg = Release|Any CPU
		{BA4E592B-BE9C-46E5-98A0-B8F2E4D2A58D}.Release|iPhoneSimulator.Build.0 = Release|Any CPU
		{BA4E592B-BE9C-46E5-98A0-B8F2E4D2A58D}.Release|iPhoneSimulator.Deploy.0 = Release|Any CPU
		{BA4E592B-BE9C-46E5-98A0-B8F2E4D2A58D}.Release|x64.ActiveCfg = Release|Any CPU
		{BA4E592B-BE9C-46E5-98A0-B8F2E4D2A58D}.Release|x64.Build.0 = Release|Any CPU
		{BA4E592B-BE9C-46E5-98A0-B8F2E4D2A58D}.Release|x64.Deploy.0 = Release|Any CPU
		{BA4E592B-BE9C-46E5-98A0-B8F2E4D2A58D}.Release|x86.ActiveCfg = Release|Any CPU
		{BA4E592B-BE9C-46E5-98A0-B8F2E4D2A58D}.Release|x86.Build.0 = Release|Any CPU
		{BA4E592B-BE9C-46E5-98A0-B8F2E4D2A58D}.Release|x86.Deploy.0 = Release|Any CPU
		{AC1F5932-8BFA-4594-99EB-BF084C5254CD}.Debug|Any CPU.ActiveCfg = Debug|iPhone
		{AC1F5932-8BFA-4594-99EB-BF084C5254CD}.Debug|Any CPU.Build.0 = Debug|iPhone
		{AC1F5932-8BFA-4594-99EB-BF084C5254CD}.Debug|Any CPU.Deploy.0 = Debug|iPhone
		{AC1F5932-8BFA-4594-99EB-BF084C5254CD}.Debug|ARM.ActiveCfg = Debug|iPhoneSimulator
		{AC1F5932-8BFA-4594-99EB-BF084C5254CD}.Debug|ARM64.ActiveCfg = Debug|iPhoneSimulator
		{AC1F5932-8BFA-4594-99EB-BF084C5254CD}.Debug|iPhone.ActiveCfg = Debug|iPhone
		{AC1F5932-8BFA-4594-99EB-BF084C5254CD}.Debug|iPhone.Build.0 = Debug|iPhone
		{AC1F5932-8BFA-4594-99EB-BF084C5254CD}.Debug|iPhone.Deploy.0 = Debug|iPhone
		{AC1F5932-8BFA-4594-99EB-BF084C5254CD}.Debug|iPhoneSimulator.ActiveCfg = Debug|iPhoneSimulator
		{AC1F5932-8BFA-4594-99EB-BF084C5254CD}.Debug|iPhoneSimulator.Build.0 = Debug|iPhoneSimulator
		{AC1F5932-8BFA-4594-99EB-BF084C5254CD}.Debug|iPhoneSimulator.Deploy.0 = Debug|iPhoneSimulator
		{AC1F5932-8BFA-4594-99EB-BF084C5254CD}.Debug|x64.ActiveCfg = Debug|iPhoneSimulator
		{AC1F5932-8BFA-4594-99EB-BF084C5254CD}.Debug|x86.ActiveCfg = Debug|iPhoneSimulator
		{AC1F5932-8BFA-4594-99EB-BF084C5254CD}.Release|Any CPU.ActiveCfg = Release|iPhoneSimulator
		{AC1F5932-8BFA-4594-99EB-BF084C5254CD}.Release|Any CPU.Build.0 = Release|iPhoneSimulator
		{AC1F5932-8BFA-4594-99EB-BF084C5254CD}.Release|Any CPU.Deploy.0 = Release|iPhoneSimulator
		{AC1F5932-8BFA-4594-99EB-BF084C5254CD}.Release|ARM.ActiveCfg = Release|iPhoneSimulator
		{AC1F5932-8BFA-4594-99EB-BF084C5254CD}.Release|ARM64.ActiveCfg = Release|iPhoneSimulator
		{AC1F5932-8BFA-4594-99EB-BF084C5254CD}.Release|iPhone.ActiveCfg = Release|iPhone
		{AC1F5932-8BFA-4594-99EB-BF084C5254CD}.Release|iPhone.Build.0 = Release|iPhone
		{AC1F5932-8BFA-4594-99EB-BF084C5254CD}.Release|iPhone.Deploy.0 = Release|iPhone
		{AC1F5932-8BFA-4594-99EB-BF084C5254CD}.Release|iPhoneSimulator.ActiveCfg = Release|iPhoneSimulator
		{AC1F5932-8BFA-4594-99EB-BF084C5254CD}.Release|iPhoneSimulator.Build.0 = Release|iPhoneSimulator
		{AC1F5932-8BFA-4594-99EB-BF084C5254CD}.Release|iPhoneSimulator.Deploy.0 = Release|iPhoneSimulator
		{AC1F5932-8BFA-4594-99EB-BF084C5254CD}.Release|x64.ActiveCfg = Release|iPhoneSimulator
		{AC1F5932-8BFA-4594-99EB-BF084C5254CD}.Release|x86.ActiveCfg = Release|iPhoneSimulator
		{794F230A-431B-45F2-88B6-B096C705608F}.Debug|Any CPU.ActiveCfg = Debug|Any CPU
		{794F230A-431B-45F2-88B6-B096C705608F}.Debug|Any CPU.Build.0 = Debug|Any CPU
		{794F230A-431B-45F2-88B6-B096C705608F}.Debug|Any CPU.Deploy.0 = Debug|Any CPU
		{794F230A-431B-45F2-88B6-B096C705608F}.Debug|ARM.ActiveCfg = Debug|Any CPU
		{794F230A-431B-45F2-88B6-B096C705608F}.Debug|ARM.Build.0 = Debug|Any CPU
		{794F230A-431B-45F2-88B6-B096C705608F}.Debug|ARM64.ActiveCfg = Debug|Any CPU
		{794F230A-431B-45F2-88B6-B096C705608F}.Debug|ARM64.Build.0 = Debug|Any CPU
		{794F230A-431B-45F2-88B6-B096C705608F}.Debug|iPhone.ActiveCfg = Debug|Any CPU
		{794F230A-431B-45F2-88B6-B096C705608F}.Debug|iPhone.Build.0 = Debug|Any CPU
		{794F230A-431B-45F2-88B6-B096C705608F}.Debug|iPhone.Deploy.0 = Debug|Any CPU
		{794F230A-431B-45F2-88B6-B096C705608F}.Debug|iPhoneSimulator.ActiveCfg = Debug|Any CPU
		{794F230A-431B-45F2-88B6-B096C705608F}.Debug|iPhoneSimulator.Build.0 = Debug|Any CPU
		{794F230A-431B-45F2-88B6-B096C705608F}.Debug|iPhoneSimulator.Deploy.0 = Debug|Any CPU
		{794F230A-431B-45F2-88B6-B096C705608F}.Debug|x64.ActiveCfg = Debug|Any CPU
		{794F230A-431B-45F2-88B6-B096C705608F}.Debug|x64.Build.0 = Debug|Any CPU
		{794F230A-431B-45F2-88B6-B096C705608F}.Debug|x86.ActiveCfg = Debug|Any CPU
		{794F230A-431B-45F2-88B6-B096C705608F}.Debug|x86.Build.0 = Debug|Any CPU
		{794F230A-431B-45F2-88B6-B096C705608F}.Release|Any CPU.ActiveCfg = Release|Any CPU
		{794F230A-431B-45F2-88B6-B096C705608F}.Release|Any CPU.Build.0 = Release|Any CPU
		{794F230A-431B-45F2-88B6-B096C705608F}.Release|Any CPU.Deploy.0 = Release|Any CPU
		{794F230A-431B-45F2-88B6-B096C705608F}.Release|ARM.ActiveCfg = Release|Any CPU
		{794F230A-431B-45F2-88B6-B096C705608F}.Release|ARM.Build.0 = Release|Any CPU
		{794F230A-431B-45F2-88B6-B096C705608F}.Release|ARM64.ActiveCfg = Release|Any CPU
		{794F230A-431B-45F2-88B6-B096C705608F}.Release|ARM64.Build.0 = Release|Any CPU
		{794F230A-431B-45F2-88B6-B096C705608F}.Release|iPhone.ActiveCfg = Release|Any CPU
		{794F230A-431B-45F2-88B6-B096C705608F}.Release|iPhone.Build.0 = Release|Any CPU
		{794F230A-431B-45F2-88B6-B096C705608F}.Release|iPhone.Deploy.0 = Release|Any CPU
		{794F230A-431B-45F2-88B6-B096C705608F}.Release|iPhoneSimulator.ActiveCfg = Release|Any CPU
		{794F230A-431B-45F2-88B6-B096C705608F}.Release|iPhoneSimulator.Build.0 = Release|Any CPU
		{794F230A-431B-45F2-88B6-B096C705608F}.Release|iPhoneSimulator.Deploy.0 = Release|Any CPU
		{794F230A-431B-45F2-88B6-B096C705608F}.Release|x64.ActiveCfg = Release|Any CPU
		{794F230A-431B-45F2-88B6-B096C705608F}.Release|x64.Build.0 = Release|Any CPU
		{794F230A-431B-45F2-88B6-B096C705608F}.Release|x86.ActiveCfg = Release|Any CPU
		{794F230A-431B-45F2-88B6-B096C705608F}.Release|x86.Build.0 = Release|Any CPU
	EndGlobalSection
	GlobalSection(SolutionProperties) = preSolution
		HideSolutionNode = FALSE
	EndGlobalSection
	GlobalSection(ExtensibilityGlobals) = postSolution
		SolutionGuid = {C4F58CAB-FCB6-44D8-AC5E-C08EC585A70F}
	EndGlobalSection
EndGlobal
